
Microsoft Visual Studio Solution File, Format Version 12.00
# Visual Studio Version 17
VisualStudioVersion = 17.5.002.0
MinimumVisualStudioVersion = 10.0.40219.1
Project("{2150E333-8FDC-42A3-9474-1A3956D46DE8}") = "csharp-prep", "csharp-prep", "{3393247A-0AF7-4476-AE52-775A835AA7A1}"
EndProject
Project("{9A19103F-16F7-4668-BE54-9A1E7A4F7556}") = "Prep1", "csharp-prep\Prep1\Prep1.csproj", "{647F9700-4DD6-41B5-A8A0-BFF22E0D167C}"
EndProject
Project("{9A19103F-16F7-4668-BE54-9A1E7A4F7556}") = "Prep2", "csharp-prep\Prep2\Prep2.csproj", "{6110E2EF-0252-49F1-96AD-89F6A793A515}"
EndProject
Project("{9A19103F-16F7-4668-BE54-9A1E7A4F7556}") = "Prep3", "csharp-prep\Prep3\Prep3.csproj", "{0FA43226-DF37-4860-9633-6E487B3419BE}"
EndProject
Project("{9A19103F-16F7-4668-BE54-9A1E7A4F7556}") = "Prep4", "csharp-prep\Prep4\Prep4.csproj", "{AE5FBD5C-9254-4510-926F-FB757723B6DF}"
EndProject
Project("{9A19103F-16F7-4668-BE54-9A1E7A4F7556}") = "Prep5", "csharp-prep\Prep5\Prep5.csproj", "{667B1556-9E20-480B-8E63-48078AACFC56}"
EndProject
Project("{2150E333-8FDC-42A3-9474-1A3956D46DE8}") = "final", "final", "{498C1A97-1BE8-4FE8-AFBF-118BD16263EC}"
EndProject
Project("{9A19103F-16F7-4668-BE54-9A1E7A4F7556}") = "FinalProject", "final\FinalProject\FinalProject.csproj", "{399D822E-CBC1-4BED-8DCE-890D7EDE6A3E}"
EndProject
Project("{9A19103F-16F7-4668-BE54-9A1E7A4F7556}") = "Foundation1", "final\Foundation1\Foundation1.csproj", "{52149D1A-9610-4EA2-910F-DD1E80E0EEFC}"
EndProject
Project("{9A19103F-16F7-4668-BE54-9A1E7A4F7556}") = "Foundation2", "final\Foundation2\Foundation2.csproj", "{5FDA1778-3865-44EC-AAF3-1D615DEA75BA}"
EndProject
Project("{9A19103F-16F7-4668-BE54-9A1E7A4F7556}") = "Foundation3", "final\Foundation3\Foundation3.csproj", "{E2E3527D-3995-4A7C-B2A6-EE26F154CA1B}"
EndProject
Project("{9A19103F-16F7-4668-BE54-9A1E7A4F7556}") = "Foundation4", "final\Foundation4\Foundation4.csproj", "{80533BCA-8338-4533-8214-6ED4D318993F}"
EndProject
Project("{2150E333-8FDC-42A3-9474-1A3956D46DE8}") = "prepare", "prepare", "{E4BE5612-2A29-4B2D-9C8B-394D53C18708}"
EndProject
Project("{9A19103F-16F7-4668-BE54-9A1E7A4F7556}") = "Learning02", "prepare\Learning02\Learning02.csproj", "{0111778C-40E9-472D-86CA-8D315257ED02}"
EndProject
Project("{9A19103F-16F7-4668-BE54-9A1E7A4F7556}") = "Learning03", "prepare\Learning03\Learning03.csproj", "{9A3053AB-5018-49BA-BEEA-7F6D5BA14550}"
EndProject
Project("{9A19103F-16F7-4668-BE54-9A1E7A4F7556}") = "Learning04", "prepare\Learning04\Learning04.csproj", "{1BECE79C-FE3E-416D-9FD6-1E611D8330F5}"
EndProject
Project("{9A19103F-16F7-4668-BE54-9A1E7A4F7556}") = "Learning05", "prepare\Learning05\Learning05.csproj", "{64CEE075-811E-4B55-A774-1A1696E2E0DF}"
EndProject
Project("{2150E333-8FDC-42A3-9474-1A3956D46DE8}") = "prove", "prove", "{66DC0CFA-CE8C-4774-8557-2D46FFE5F772}"
EndProject
Project("{9A19103F-16F7-4668-BE54-9A1E7A4F7556}") = "Develop02", "prove\Develop02\Develop02.csproj", "{76245FDF-DB3E-4528-8DDD-0B9B5517CC84}"
EndProject
Project("{9A19103F-16F7-4668-BE54-9A1E7A4F7556}") = "Develop03", "prove\Develop03\Develop03.csproj", "{1BEE7599-320E-4049-90A0-BFEA8F178EEA}"
EndProject
Project("{9A19103F-16F7-4668-BE54-9A1E7A4F7556}") = "Develop04", "prove\Develop04\Develop04.csproj", "{64464412-A7B7-48DF-B11D-D13056EE738F}"
EndProject
Project("{9A19103F-16F7-4668-BE54-9A1E7A4F7556}") = "Develop05", "prove\Develop05\Develop05.csproj", "{816ADD2D-25A0-4A8D-8FD1-33BC442E8C1F}"
EndProject
Project("{2150E333-8FDC-42A3-9474-1A3956D46DE8}") = "sandbox", "sandbox", "{AD0E5FD5-AA13-49F1-BF1F-2752D235A4B7}"
EndProject
Project("{9A19103F-16F7-4668-BE54-9A1E7A4F7556}") = "Sandbox", "sandbox\Sandbox\Sandbox.csproj", "{0F271103-2DC4-4175-9878-6D3A157C59C2}"
EndProject
Global
	GlobalSection(SolutionConfigurationPlatforms) = preSolution
		Debug|Any CPU = Debug|Any CPU
		Release|Any CPU = Release|Any CPU
	EndGlobalSection
	GlobalSection(ProjectConfigurationPlatforms) = postSolution
		{647F9700-4DD6-41B5-A8A0-BFF22E0D167C}.Debug|Any CPU.ActiveCfg = Debug|Any CPU
		{647F9700-4DD6-41B5-A8A0-BFF22E0D167C}.Debug|Any CPU.Build.0 = Debug|Any CPU
		{647F9700-4DD6-41B5-A8A0-BFF22E0D167C}.Release|Any CPU.ActiveCfg = Release|Any CPU
		{647F9700-4DD6-41B5-A8A0-BFF22E0D167C}.Release|Any CPU.Build.0 = Release|Any CPU
		{6110E2EF-0252-49F1-96AD-89F6A793A515}.Debug|Any CPU.ActiveCfg = Debug|Any CPU
		{6110E2EF-0252-49F1-96AD-89F6A793A515}.Debug|Any CPU.Build.0 = Debug|Any CPU
		{6110E2EF-0252-49F1-96AD-89F6A793A515}.Release|Any CPU.ActiveCfg = Release|Any CPU
		{6110E2EF-0252-49F1-96AD-89F6A793A515}.Release|Any CPU.Build.0 = Release|Any CPU
		{0FA43226-DF37-4860-9633-6E487B3419BE}.Debug|Any CPU.ActiveCfg = Debug|Any CPU
		{0FA43226-DF37-4860-9633-6E487B3419BE}.Debug|Any CPU.Build.0 = Debug|Any CPU
		{0FA43226-DF37-4860-9633-6E487B3419BE}.Release|Any CPU.ActiveCfg = Release|Any CPU
		{0FA43226-DF37-4860-9633-6E487B3419BE}.Release|Any CPU.Build.0 = Release|Any CPU
		{AE5FBD5C-9254-4510-926F-FB757723B6DF}.Debug|Any CPU.ActiveCfg = Debug|Any CPU
		{AE5FBD5C-9254-4510-926F-FB757723B6DF}.Debug|Any CPU.Build.0 = Debug|Any CPU
		{AE5FBD5C-9254-4510-926F-FB757723B6DF}.Release|Any CPU.ActiveCfg = Release|Any CPU
		{AE5FBD5C-9254-4510-926F-FB757723B6DF}.Release|Any CPU.Build.0 = Release|Any CPU
		{667B1556-9E20-480B-8E63-48078AACFC56}.Debug|Any CPU.ActiveCfg = Debug|Any CPU
		{667B1556-9E20-480B-8E63-48078AACFC56}.Debug|Any CPU.Build.0 = Debug|Any CPU
		{667B1556-9E20-480B-8E63-48078AACFC56}.Release|Any CPU.ActiveCfg = Release|Any CPU
		{667B1556-9E20-480B-8E63-48078AACFC56}.Release|Any CPU.Build.0 = Release|Any CPU
		{399D822E-CBC1-4BED-8DCE-890D7EDE6A3E}.Debug|Any CPU.ActiveCfg = Debug|Any CPU
		{399D822E-CBC1-4BED-8DCE-890D7EDE6A3E}.Debug|Any CPU.Build.0 = Debug|Any CPU
		{399D822E-CBC1-4BED-8DCE-890D7EDE6A3E}.Release|Any CPU.ActiveCfg = Release|Any CPU
		{399D822E-CBC1-4BED-8DCE-890D7EDE6A3E}.Release|Any CPU.Build.0 = Release|Any CPU
		{52149D1A-9610-4EA2-910F-DD1E80E0EEFC}.Debug|Any CPU.ActiveCfg = Debug|Any CPU
		{52149D1A-9610-4EA2-910F-DD1E80E0EEFC}.Debug|Any CPU.Build.0 = Debug|Any CPU
		{52149D1A-9610-4EA2-910F-DD1E80E0EEFC}.Release|Any CPU.ActiveCfg = Release|Any CPU
		{52149D1A-9610-4EA2-910F-DD1E80E0EEFC}.Release|Any CPU.Build.0 = Release|Any CPU
		{5FDA1778-3865-44EC-AAF3-1D615DEA75BA}.Debug|Any CPU.ActiveCfg = Debug|Any CPU
		{5FDA1778-3865-44EC-AAF3-1D615DEA75BA}.Debug|Any CPU.Build.0 = Debug|Any CPU
		{5FDA1778-3865-44EC-AAF3-1D615DEA75BA}.Release|Any CPU.ActiveCfg = Release|Any CPU
		{5FDA1778-3865-44EC-AAF3-1D615DEA75BA}.Release|Any CPU.Build.0 = Release|Any CPU
		{E2E3527D-3995-4A7C-B2A6-EE26F154CA1B}.Debug|Any CPU.ActiveCfg = Debug|Any CPU
		{E2E3527D-3995-4A7C-B2A6-EE26F154CA1B}.Debug|Any CPU.Build.0 = Debug|Any CPU
		{E2E3527D-3995-4A7C-B2A6-EE26F154CA1B}.Release|Any CPU.ActiveCfg = Release|Any CPU
		{E2E3527D-3995-4A7C-B2A6-EE26F154CA1B}.Release|Any CPU.Build.0 = Release|Any CPU
		{80533BCA-8338-4533-8214-6ED4D318993F}.Debug|Any CPU.ActiveCfg = Debug|Any CPU
		{80533BCA-8338-4533-8214-6ED4D318993F}.Debug|Any CPU.Build.0 = Debug|Any CPU
		{80533BCA-8338-4533-8214-6ED4D318993F}.Release|Any CPU.ActiveCfg = Release|Any CPU
		{80533BCA-8338-4533-8214-6ED4D318993F}.Release|Any CPU.Build.0 = Release|Any CPU
		{0111778C-40E9-472D-86CA-8D315257ED02}.Debug|Any CPU.ActiveCfg = Debug|Any CPU
		{0111778C-40E9-472D-86CA-8D315257ED02}.Debug|Any CPU.Build.0 = Debug|Any CPU
		{0111778C-40E9-472D-86CA-8D315257ED02}.Release|Any CPU.ActiveCfg = Release|Any CPU
		{0111778C-40E9-472D-86CA-8D315257ED02}.Release|Any CPU.Build.0 = Release|Any CPU
		{9A3053AB-5018-49BA-BEEA-7F6D5BA14550}.Debug|Any CPU.ActiveCfg = Debug|Any CPU
		{9A3053AB-5018-49BA-BEEA-7F6D5BA14550}.Debug|Any CPU.Build.0 = Debug|Any CPU
		{9A3053AB-5018-49BA-BEEA-7F6D5BA14550}.Release|Any CPU.ActiveCfg = Release|Any CPU
		{9A3053AB-5018-49BA-BEEA-7F6D5BA14550}.Release|Any CPU.Build.0 = Release|Any CPU
		{1BECE79C-FE3E-416D-9FD6-1E611D8330F5}.Debug|Any CPU.ActiveCfg = Debug|Any CPU
		{1BECE79C-FE3E-416D-9FD6-1E611D8330F5}.Debug|Any CPU.Build.0 = Debug|Any CPU
		{1BECE79C-FE3E-416D-9FD6-1E611D8330F5}.Release|Any CPU.ActiveCfg = Release|Any CPU
		{1BECE79C-FE3E-416D-9FD6-1E611D8330F5}.Release|Any CPU.Build.0 = Release|Any CPU
		{64CEE075-811E-4B55-A774-1A1696E2E0DF}.Debug|Any CPU.ActiveCfg = Debug|Any CPU
		{64CEE075-811E-4B55-A774-1A1696E2E0DF}.Debug|Any CPU.Build.0 = Debug|Any CPU
		{64CEE075-811E-4B55-A774-1A1696E2E0DF}.Release|Any CPU.ActiveCfg = Release|Any CPU
		{64CEE075-811E-4B55-A774-1A1696E2E0DF}.Release|Any CPU.Build.0 = Release|Any CPU
		{76245FDF-DB3E-4528-8DDD-0B9B5517CC84}.Debug|Any CPU.ActiveCfg = Debug|Any CPU
		{76245FDF-DB3E-4528-8DDD-0B9B5517CC84}.Debug|Any CPU.Build.0 = Debug|Any CPU
		{76245FDF-DB3E-4528-8DDD-0B9B5517CC84}.Release|Any CPU.ActiveCfg = Release|Any CPU
		{76245FDF-DB3E-4528-8DDD-0B9B5517CC84}.Release|Any CPU.Build.0 = Release|Any CPU
		{1BEE7599-320E-4049-90A0-BFEA8F178EEA}.Debug|Any CPU.ActiveCfg = Debug|Any CPU
		{1BEE7599-320E-4049-90A0-BFEA8F178EEA}.Debug|Any CPU.Build.0 = Debug|Any CPU
		{1BEE7599-320E-4049-90A0-BFEA8F178EEA}.Release|Any CPU.ActiveCfg = Release|Any CPU
		{1BEE7599-320E-4049-90A0-BFEA8F178EEA}.Release|Any CPU.Build.0 = Release|Any CPU
		{64464412-A7B7-48DF-B11D-D13056EE738F}.Debug|Any CPU.ActiveCfg = Debug|Any CPU
		{64464412-A7B7-48DF-B11D-D13056EE738F}.Debug|Any CPU.Build.0 = Debug|Any CPU
		{64464412-A7B7-48DF-B11D-D13056EE738F}.Release|Any CPU.ActiveCfg = Release|Any CPU
		{64464412-A7B7-48DF-B11D-D13056EE738F}.Release|Any CPU.Build.0 = Release|Any CPU
		{816ADD2D-25A0-4A8D-8FD1-33BC442E8C1F}.Debug|Any CPU.ActiveCfg = Debug|Any CPU
		{816ADD2D-25A0-4A8D-8FD1-33BC442E8C1F}.Debug|Any CPU.Build.0 = Debug|Any CPU
		{816ADD2D-25A0-4A8D-8FD1-33BC442E8C1F}.Release|Any CPU.ActiveCfg = Release|Any CPU
		{816ADD2D-25A0-4A8D-8FD1-33BC442E8C1F}.Release|Any CPU.Build.0 = Release|Any CPU
		{0F271103-2DC4-4175-9878-6D3A157C59C2}.Debug|Any CPU.ActiveCfg = Debug|Any CPU
		{0F271103-2DC4-4175-9878-6D3A157C59C2}.Debug|Any CPU.Build.0 = Debug|Any CPU
		{0F271103-2DC4-4175-9878-6D3A157C59C2}.Release|Any CPU.ActiveCfg = Release|Any CPU
		{0F271103-2DC4-4175-9878-6D3A157C59C2}.Release|Any CPU.Build.0 = Release|Any CPU
	EndGlobalSection
	GlobalSection(SolutionProperties) = preSolution
		HideSolutionNode = FALSE
	EndGlobalSection
	GlobalSection(NestedProjects) = preSolution
		{647F9700-4DD6-41B5-A8A0-BFF22E0D167C} = {3393247A-0AF7-4476-AE52-775A835AA7A1}
		{6110E2EF-0252-49F1-96AD-89F6A793A515} = {3393247A-0AF7-4476-AE52-775A835AA7A1}
		{0FA43226-DF37-4860-9633-6E487B3419BE} = {3393247A-0AF7-4476-AE52-775A835AA7A1}
		{AE5FBD5C-9254-4510-926F-FB757723B6DF} = {3393247A-0AF7-4476-AE52-775A835AA7A1}
		{667B1556-9E20-480B-8E63-48078AACFC56} = {3393247A-0AF7-4476-AE52-775A835AA7A1}
		{399D822E-CBC1-4BED-8DCE-890D7EDE6A3E} = {498C1A97-1BE8-4FE8-AFBF-118BD16263EC}
		{52149D1A-9610-4EA2-910F-DD1E80E0EEFC} = {498C1A97-1BE8-4FE8-AFBF-118BD16263EC}
		{5FDA1778-3865-44EC-AAF3-1D615DEA75BA} = {498C1A97-1BE8-4FE8-AFBF-118BD16263EC}
		{E2E3527D-3995-4A7C-B2A6-EE26F154CA1B} = {498C1A97-1BE8-4FE8-AFBF-118BD16263EC}
		{80533BCA-8338-4533-8214-6ED4D318993F} = {498C1A97-1BE8-4FE8-AFBF-118BD16263EC}
		{0111778C-40E9-472D-86CA-8D315257ED02} = {E4BE5612-2A29-4B2D-9C8B-394D53C18708}
		{9A3053AB-5018-49BA-BEEA-7F6D5BA14550} = {E4BE5612-2A29-4B2D-9C8B-394D53C18708}
		{1BECE79C-FE3E-416D-9FD6-1E611D8330F5} = {E4BE5612-2A29-4B2D-9C8B-394D53C18708}
		{64CEE075-811E-4B55-A774-1A1696E2E0DF} = {E4BE5612-2A29-4B2D-9C8B-394D53C18708}
		{76245FDF-DB3E-4528-8DDD-0B9B5517CC84} = {66DC0CFA-CE8C-4774-8557-2D46FFE5F772}
		{1BEE7599-320E-4049-90A0-BFEA8F178EEA} = {66DC0CFA-CE8C-4774-8557-2D46FFE5F772}
		{64464412-A7B7-48DF-B11D-D13056EE738F} = {66DC0CFA-CE8C-4774-8557-2D46FFE5F772}
		{816ADD2D-25A0-4A8D-8FD1-33BC442E8C1F} = {66DC0CFA-CE8C-4774-8557-2D46FFE5F772}
		{0F271103-2DC4-4175-9878-6D3A157C59C2} = {AD0E5FD5-AA13-49F1-BF1F-2752D235A4B7}
	EndGlobalSection
	GlobalSection(ExtensibilityGlobals) = postSolution
		SolutionGuid = {4989AE43-419A-4064-9C5E-A5D3F830DFF9}
	EndGlobalSection
EndGlobal
